
Microsoft Visual Studio Solution File, Format Version 12.00
# Visual Studio Version 17
VisualStudioVersion = 17.3.32922.545
MinimumVisualStudioVersion = 10.0.40219.1
Project("{FAE04EC0-301F-11D3-BF4B-00C04F79EFBC}") = "Desafio-Entregable_01", "Desafio-Entregable_01.csproj", "{D59B5C13-364E-487A-AE29-68494A5BB497}"
EndProject
Global
	GlobalSection(SolutionConfigurationPlatforms) = preSolution
		Debug|Any CPU = Debug|Any CPU
		Release|Any CPU = Release|Any CPU
	EndGlobalSection
	GlobalSection(ProjectConfigurationPlatforms) = postSolution
		{D59B5C13-364E-487A-AE29-68494A5BB497}.Debug|Any CPU.ActiveCfg = Debug|Any CPU
		{D59B5C13-364E-487A-AE29-68494A5BB497}.Debug|Any CPU.Build.0 = Debug|Any CPU
		{D59B5C13-364E-487A-AE29-68494A5BB497}.Release|Any CPU.ActiveCfg = Release|Any CPU
		{D59B5C13-364E-487A-AE29-68494A5BB497}.Release|Any CPU.Build.0 = Release|Any CPU
	EndGlobalSection
	GlobalSection(SolutionProperties) = preSolution
		HideSolutionNode = FALSE
	EndGlobalSection
	GlobalSection(ExtensibilityGlobals) = postSolution
		SolutionGuid = {602E61A1-38EF-4991-90F7-78D766772047}
	EndGlobalSection
EndGlobal
